# This file is automatically @generated by Poetry 1.4.0 and should not be changed by hand.

[[package]]
name = "htmlgenerator"
version = "1.2.28"
description = "Declarative HTML templating system with lazy rendering"
category = "main"
optional = false
python-versions = "*"
files = [
    {file = "htmlgenerator-1.2.28-py3-none-any.whl", hash = "sha256:3299b67da0d4bb7b4c640dd5dd7a41743d78cf3264c85564010444a691483d0b"},
    {file = "htmlgenerator-1.2.28.tar.gz", hash = "sha256:e127d46311b9d28a6be6ce43417dc2a338b6c1a6f0aa5d2ba14319c7f5beb295"},
]

[package.extras]
all = ["beautifulsoup4", "black", "lxml"]

[metadata]
lock-version = "2.0"
python-versions = "^3.9"
content-hash = "c3f29dc84d38a56b1cb1e50e8f474b0e63608a127a36697387b5343597e6b17b"
